
Microsoft Visual Studio Solution File, Format Version 12.00
# Visual Studio 15
VisualStudioVersion = 15.0.27130.2027
MinimumVisualStudioVersion = 10.0.40219.1
Project("{FAE04EC0-301F-11D3-BF4B-00C04F79EFBC}") = "SAEC.PROJETOTESTE.MODEL", "SAEC.PROJETOTESTE.MODEL\SAEC.PROJETOTESTE.MODEL.csproj", "{2C52C4B2-3F97-4CE9-964F-452566983172}"
EndProject
Project("{FAE04EC0-301F-11D3-BF4B-00C04F79EFBC}") = "SAEC.PROJETOTESTE.REPOSITORY", "SAEC.PROJETOTESTE.REPOSITORY\SAEC.PROJETOTESTE.REPOSITORY.csproj", "{6A9DCF14-62EE-4423-9B83-EF61C14D2D3A}"
EndProject
Project("{FAE04EC0-301F-11D3-BF4B-00C04F79EFBC}") = "SAEC.PROJETOTESTE.SERVICE", "SAEC.PROJETOTESTE.SERVICE\SAEC.PROJETOTESTE.SERVICE.csproj", "{769283C0-7C89-4C96-BF27-03F9A6D7E943}"
EndProject
Project("{FAE04EC0-301F-11D3-BF4B-00C04F79EFBC}") = "SAEC.PROJETOTESTE.IOC", "SAEC.PROJETOTESTE.IOC\SAEC.PROJETOTESTE.IOC.csproj", "{F42589D9-AE45-4D85-AA86-C47FC752DF40}"
EndProject
Project("{FAE04EC0-301F-11D3-BF4B-00C04F79EFBC}") = "SAEC.PROJETOTESTE.MVC", "SAEC.PROJETOTESTE.MVC\SAEC.PROJETOTESTE.MVC.csproj", "{7F8A311A-6D4A-4E45-915D-638D8770C052}"
EndProject
Global
	GlobalSection(SolutionConfigurationPlatforms) = preSolution
		Debug|Any CPU = Debug|Any CPU
		Release|Any CPU = Release|Any CPU
	EndGlobalSection
	GlobalSection(ProjectConfigurationPlatforms) = postSolution
		{2C52C4B2-3F97-4CE9-964F-452566983172}.Debug|Any CPU.ActiveCfg = Debug|Any CPU
		{2C52C4B2-3F97-4CE9-964F-452566983172}.Debug|Any CPU.Build.0 = Debug|Any CPU
		{2C52C4B2-3F97-4CE9-964F-452566983172}.Release|Any CPU.ActiveCfg = Release|Any CPU
		{2C52C4B2-3F97-4CE9-964F-452566983172}.Release|Any CPU.Build.0 = Release|Any CPU
		{6A9DCF14-62EE-4423-9B83-EF61C14D2D3A}.Debug|Any CPU.ActiveCfg = Debug|Any CPU
		{6A9DCF14-62EE-4423-9B83-EF61C14D2D3A}.Debug|Any CPU.Build.0 = Debug|Any CPU
		{6A9DCF14-62EE-4423-9B83-EF61C14D2D3A}.Release|Any CPU.ActiveCfg = Release|Any CPU
		{6A9DCF14-62EE-4423-9B83-EF61C14D2D3A}.Release|Any CPU.Build.0 = Release|Any CPU
		{769283C0-7C89-4C96-BF27-03F9A6D7E943}.Debug|Any CPU.ActiveCfg = Debug|Any CPU
		{769283C0-7C89-4C96-BF27-03F9A6D7E943}.Debug|Any CPU.Build.0 = Debug|Any CPU
		{769283C0-7C89-4C96-BF27-03F9A6D7E943}.Release|Any CPU.ActiveCfg = Release|Any CPU
		{769283C0-7C89-4C96-BF27-03F9A6D7E943}.Release|Any CPU.Build.0 = Release|Any CPU
		{F42589D9-AE45-4D85-AA86-C47FC752DF40}.Debug|Any CPU.ActiveCfg = Debug|Any CPU
		{F42589D9-AE45-4D85-AA86-C47FC752DF40}.Debug|Any CPU.Build.0 = Debug|Any CPU
		{F42589D9-AE45-4D85-AA86-C47FC752DF40}.Release|Any CPU.ActiveCfg = Release|Any CPU
		{F42589D9-AE45-4D85-AA86-C47FC752DF40}.Release|Any CPU.Build.0 = Release|Any CPU
		{7F8A311A-6D4A-4E45-915D-638D8770C052}.Debug|Any CPU.ActiveCfg = Debug|Any CPU
		{7F8A311A-6D4A-4E45-915D-638D8770C052}.Debug|Any CPU.Build.0 = Debug|Any CPU
		{7F8A311A-6D4A-4E45-915D-638D8770C052}.Release|Any CPU.ActiveCfg = Release|Any CPU
		{7F8A311A-6D4A-4E45-915D-638D8770C052}.Release|Any CPU.Build.0 = Release|Any CPU
	EndGlobalSection
	GlobalSection(SolutionProperties) = preSolution
		HideSolutionNode = FALSE
	EndGlobalSection
	GlobalSection(ExtensibilityGlobals) = postSolution
		SolutionGuid = {CC4F4FAC-4239-42FD-903D-8E6A32817724}
	EndGlobalSection
EndGlobal
